
Microsoft Visual Studio Solution File, Format Version 12.00
# Visual Studio Version 17
VisualStudioVersion = 17.9.34622.214
MinimumVisualStudioVersion = 10.0.40219.1
Project("{FAE04EC0-301F-11D3-BF4B-00C04F79EFBC}") = "IHS_Library", "IHS_Library\IHS_Library.csproj", "{E4824247-5008-4EA9-9E7B-2F00ED0B9AD0}"
EndProject
Project("{FAE04EC0-301F-11D3-BF4B-00C04F79EFBC}") = "IHS_Library_Simple", "IHS_Library_Simple\IHS_Library_Simple.csproj", "{AB5BEE7E-6F0F-44C4-BE68-D5A4B5ABC5F4}"
EndProject
Project("{FAE04EC0-301F-11D3-BF4B-00C04F79EFBC}") = "IHS_Library_Extended", "IHS_Library_Extended\IHS_Library_Extended.csproj", "{587F1852-FE31-461E-AF6E-456F8F0E74FD}"
EndProject
Project("{FAE04EC0-301F-11D3-BF4B-00C04F79EFBC}") = "IHS_Library_Tests", "IHS_Library_Tests\IHS_Library_Tests.csproj", "{485F95E8-BB87-467B-AD7F-610FFF7C4423}"
EndProject
Global
	GlobalSection(SolutionConfigurationPlatforms) = preSolution
		Debug|Any CPU = Debug|Any CPU
		Release|Any CPU = Release|Any CPU
	EndGlobalSection
	GlobalSection(ProjectConfigurationPlatforms) = postSolution
		{E4824247-5008-4EA9-9E7B-2F00ED0B9AD0}.Debug|Any CPU.ActiveCfg = Debug|Any CPU
		{E4824247-5008-4EA9-9E7B-2F00ED0B9AD0}.Debug|Any CPU.Build.0 = Debug|Any CPU
		{E4824247-5008-4EA9-9E7B-2F00ED0B9AD0}.Release|Any CPU.ActiveCfg = Release|Any CPU
		{E4824247-5008-4EA9-9E7B-2F00ED0B9AD0}.Release|Any CPU.Build.0 = Release|Any CPU
		{AB5BEE7E-6F0F-44C4-BE68-D5A4B5ABC5F4}.Debug|Any CPU.ActiveCfg = Debug|Any CPU
		{AB5BEE7E-6F0F-44C4-BE68-D5A4B5ABC5F4}.Debug|Any CPU.Build.0 = Debug|Any CPU
		{AB5BEE7E-6F0F-44C4-BE68-D5A4B5ABC5F4}.Release|Any CPU.ActiveCfg = Release|Any CPU
		{AB5BEE7E-6F0F-44C4-BE68-D5A4B5ABC5F4}.Release|Any CPU.Build.0 = Release|Any CPU
		{587F1852-FE31-461E-AF6E-456F8F0E74FD}.Debug|Any CPU.ActiveCfg = Debug|Any CPU
		{587F1852-FE31-461E-AF6E-456F8F0E74FD}.Debug|Any CPU.Build.0 = Debug|Any CPU
		{587F1852-FE31-461E-AF6E-456F8F0E74FD}.Release|Any CPU.ActiveCfg = Release|Any CPU
		{587F1852-FE31-461E-AF6E-456F8F0E74FD}.Release|Any CPU.Build.0 = Release|Any CPU
		{485F95E8-BB87-467B-AD7F-610FFF7C4423}.Debug|Any CPU.ActiveCfg = Debug|Any CPU
		{485F95E8-BB87-467B-AD7F-610FFF7C4423}.Debug|Any CPU.Build.0 = Debug|Any CPU
		{485F95E8-BB87-467B-AD7F-610FFF7C4423}.Release|Any CPU.ActiveCfg = Release|Any CPU
		{485F95E8-BB87-467B-AD7F-610FFF7C4423}.Release|Any CPU.Build.0 = Release|Any CPU
	EndGlobalSection
	GlobalSection(SolutionProperties) = preSolution
		HideSolutionNode = FALSE
	EndGlobalSection
	GlobalSection(ExtensibilityGlobals) = postSolution
		SolutionGuid = {A15E0923-3688-4819-999D-226E8A6BA6B0}
	EndGlobalSection
EndGlobal
